
Microsoft Visual Studio Solution File, Format Version 12.00
# Visual Studio Version 16
VisualStudioVersion = 16.0.32929.386
MinimumVisualStudioVersion = 10.0.40219.1
Project("{FAE04EC0-301F-11D3-BF4B-00C04F79EFBC}") = "01. Sort Numbers", "01. Sort Numbers\01. Sort Numbers.csproj", "{1201E304-9E7A-4A55-9BE6-984F75E5E6EC}"
EndProject
Project("{FAE04EC0-301F-11D3-BF4B-00C04F79EFBC}") = "02. Name of the Last Digit", "02. Name of the Last Digit\02. Name of the Last Digit.csproj", "{43508F02-D462-4C6E-B5EF-45C88C8B5AEA}"
EndProject
Project("{FAE04EC0-301F-11D3-BF4B-00C04F79EFBC}") = "03. Gaming Store", "03. Gaming Store\03. Gaming Store.csproj", "{7FD23EEA-D904-495D-B80D-BF6D22C6E183}"
EndProject
Project("{FAE04EC0-301F-11D3-BF4B-00C04F79EFBC}") = "04. Reverse String", "04. Reverse String\04. Reverse String.csproj", "{D0320CBA-5C74-4D4F-8584-A85F59961248}"
EndProject
Project("{FAE04EC0-301F-11D3-BF4B-00C04F79EFBC}") = "05. Messages", "05. Messages\05. Messages.csproj", "{F9A9990E-1C53-4C99-85EF-F78AA47A7095}"
EndProject
Global
	GlobalSection(SolutionConfigurationPlatforms) = preSolution
		Debug|Any CPU = Debug|Any CPU
		Release|Any CPU = Release|Any CPU
	EndGlobalSection
	GlobalSection(ProjectConfigurationPlatforms) = postSolution
		{1201E304-9E7A-4A55-9BE6-984F75E5E6EC}.Debug|Any CPU.ActiveCfg = Debug|Any CPU
		{1201E304-9E7A-4A55-9BE6-984F75E5E6EC}.Debug|Any CPU.Build.0 = Debug|Any CPU
		{1201E304-9E7A-4A55-9BE6-984F75E5E6EC}.Release|Any CPU.ActiveCfg = Release|Any CPU
		{1201E304-9E7A-4A55-9BE6-984F75E5E6EC}.Release|Any CPU.Build.0 = Release|Any CPU
		{43508F02-D462-4C6E-B5EF-45C88C8B5AEA}.Debug|Any CPU.ActiveCfg = Debug|Any CPU
		{43508F02-D462-4C6E-B5EF-45C88C8B5AEA}.Debug|Any CPU.Build.0 = Debug|Any CPU
		{43508F02-D462-4C6E-B5EF-45C88C8B5AEA}.Release|Any CPU.ActiveCfg = Release|Any CPU
		{43508F02-D462-4C6E-B5EF-45C88C8B5AEA}.Release|Any CPU.Build.0 = Release|Any CPU
		{7FD23EEA-D904-495D-B80D-BF6D22C6E183}.Debug|Any CPU.ActiveCfg = Debug|Any CPU
		{7FD23EEA-D904-495D-B80D-BF6D22C6E183}.Debug|Any CPU.Build.0 = Debug|Any CPU
		{7FD23EEA-D904-495D-B80D-BF6D22C6E183}.Release|Any CPU.ActiveCfg = Release|Any CPU
		{7FD23EEA-D904-495D-B80D-BF6D22C6E183}.Release|Any CPU.Build.0 = Release|Any CPU
		{D0320CBA-5C74-4D4F-8584-A85F59961248}.Debug|Any CPU.ActiveCfg = Debug|Any CPU
		{D0320CBA-5C74-4D4F-8584-A85F59961248}.Debug|Any CPU.Build.0 = Debug|Any CPU
		{D0320CBA-5C74-4D4F-8584-A85F59961248}.Release|Any CPU.ActiveCfg = Release|Any CPU
		{D0320CBA-5C74-4D4F-8584-A85F59961248}.Release|Any CPU.Build.0 = Release|Any CPU
		{F9A9990E-1C53-4C99-85EF-F78AA47A7095}.Debug|Any CPU.ActiveCfg = Debug|Any CPU
		{F9A9990E-1C53-4C99-85EF-F78AA47A7095}.Debug|Any CPU.Build.0 = Debug|Any CPU
		{F9A9990E-1C53-4C99-85EF-F78AA47A7095}.Release|Any CPU.ActiveCfg = Release|Any CPU
		{F9A9990E-1C53-4C99-85EF-F78AA47A7095}.Release|Any CPU.Build.0 = Release|Any CPU
	EndGlobalSection
	GlobalSection(SolutionProperties) = preSolution
		HideSolutionNode = FALSE
	EndGlobalSection
	GlobalSection(ExtensibilityGlobals) = postSolution
		SolutionGuid = {ACC56AB5-72B4-46FB-BDED-87FF8B85CE8A}
	EndGlobalSection
EndGlobal
